// !$*UTF8*$!
{
	archiveVersion = 1;
	classes = {
	};
	objectVersion = 55;
	objects = {

/* Begin PBXBuildFile section */
		0EEB599F276EF1C4001B3603 /* InterviewBitSolutonsApp.swift in Sources */ = {isa = PBXBuildFile; fileRef = 0EEB598F276EF1BF001B3603 /* InterviewBitSolutonsApp.swift */; };
		0EEB59A0276EF1C4001B3603 /* InterviewBitSolutonsApp.swift in Sources */ = {isa = PBXBuildFile; fileRef = 0EEB598F276EF1BF001B3603 /* InterviewBitSolutonsApp.swift */; };
		0EEB59A1276EF1C4001B3603 /* ContentView.swift in Sources */ = {isa = PBXBuildFile; fileRef = 0EEB5990276EF1BF001B3603 /* ContentView.swift */; };
		0EEB59A2276EF1C4001B3603 /* ContentView.swift in Sources */ = {isa = PBXBuildFile; fileRef = 0EEB5990276EF1BF001B3603 /* ContentView.swift */; };
		0EEB59A3276EF1C4001B3603 /* Assets.xcassets in Resources */ = {isa = PBXBuildFile; fileRef = 0EEB5991276EF1C3001B3603 /* Assets.xcassets */; };
		0EEB59A4276EF1C4001B3603 /* Assets.xcassets in Resources */ = {isa = PBXBuildFile; fileRef = 0EEB5991276EF1C3001B3603 /* Assets.xcassets */; };
		0EEB59AF276EF1F8001B3603 /* Anagrams.swift in Sources */ = {isa = PBXBuildFile; fileRef = 0EEB59AE276EF1F8001B3603 /* Anagrams.swift */; };
		0EEB59B1276EF235001B3603 /* ContiguousArray.swift in Sources */ = {isa = PBXBuildFile; fileRef = 0EEB59B0276EF235001B3603 /* ContiguousArray.swift */; };
/* End PBXBuildFile section */

/* Begin PBXFileReference section */
		0EEB598F276EF1BF001B3603 /* InterviewBitSolutonsApp.swift */ = {isa = PBXFileReference; lastKnownFileType = sourcecode.swift; path = InterviewBitSolutonsApp.swift; sourceTree = "<group>"; };
		0EEB5990276EF1BF001B3603 /* ContentView.swift */ = {isa = PBXFileReference; lastKnownFileType = sourcecode.swift; path = ContentView.swift; sourceTree = "<group>"; };
		0EEB5991276EF1C3001B3603 /* Assets.xcassets */ = {isa = PBXFileReference; lastKnownFileType = folder.assetcatalog; path = Assets.xcassets; sourceTree = "<group>"; };
		0EEB5996276EF1C3001B3603 /* InterviewBitSolutons.app */ = {isa = PBXFileReference; explicitFileType = wrapper.application; includeInIndex = 0; path = InterviewBitSolutons.app; sourceTree = BUILT_PRODUCTS_DIR; };
		0EEB599C276EF1C3001B3603 /* InterviewBitSolutons.app */ = {isa = PBXFileReference; explicitFileType = wrapper.application; includeInIndex = 0; path = InterviewBitSolutons.app; sourceTree = BUILT_PRODUCTS_DIR; };
		0EEB599E276EF1C4001B3603 /* macOS.entitlements */ = {isa = PBXFileReference; lastKnownFileType = text.plist.entitlements; path = macOS.entitlements; sourceTree = "<group>"; };
		0EEB59AE276EF1F8001B3603 /* Anagrams.swift */ = {isa = PBXFileReference; lastKnownFileType = sourcecode.swift; path = Anagrams.swift; sourceTree = "<group>"; };
		0EEB59B0276EF235001B3603 /* ContiguousArray.swift */ = {isa = PBXFileReference; lastKnownFileType = sourcecode.swift; path = ContiguousArray.swift; sourceTree = "<group>"; };
/* End PBXFileReference section */

/* Begin PBXFrameworksBuildPhase section */
		0EEB5993276EF1C3001B3603 /* Frameworks */ = {
			isa = PBXFrameworksBuildPhase;
			buildActionMask = 2147483647;
			files = (
			);
			runOnlyForDeploymentPostprocessing = 0;
		};
		0EEB5999276EF1C3001B3603 /* Frameworks */ = {
			isa = PBXFrameworksBuildPhase;
			buildActionMask = 2147483647;
			files = (
			);
			runOnlyForDeploymentPostprocessing = 0;
		};
/* End PBXFrameworksBuildPhase section */

/* Begin PBXGroup section */
		0EEB5989276EF1BF001B3603 = {
			isa = PBXGroup;
			children = (
				0EEB59AD276EF1DF001B3603 /* Hashing */,
				0EEB598E276EF1BF001B3603 /* Shared */,
				0EEB599D276EF1C3001B3603 /* macOS */,
				0EEB5997276EF1C3001B3603 /* Products */,
			);
			sourceTree = "<group>";
		};
		0EEB598E276EF1BF001B3603 /* Shared */ = {
			isa = PBXGroup;
			children = (
				0EEB598F276EF1BF001B3603 /* InterviewBitSolutonsApp.swift */,
				0EEB5990276EF1BF001B3603 /* ContentView.swift */,
				0EEB5991276EF1C3001B3603 /* Assets.xcassets */,
			);
			path = Shared;
			sourceTree = "<group>";
		};
		0EEB5997276EF1C3001B3603 /* Products */ = {
			isa = PBXGroup;
			children = (
				0EEB5996276EF1C3001B3603 /* InterviewBitSolutons.app */,
				0EEB599C276EF1C3001B3603 /* InterviewBitSolutons.app */,
			);
			name = Products;
			sourceTree = "<group>";
		};
		0EEB599D276EF1C3001B3603 /* macOS */ = {
			isa = PBXGroup;
			children = (
				0EEB599E276EF1C4001B3603 /* macOS.entitlements */,
			);
			path = macOS;
			sourceTree = "<group>";
		};
		0EEB59AD276EF1DF001B3603 /* Hashing */ = {
			isa = PBXGroup;
			children = (
				0EEB59AE276EF1F8001B3603 /* Anagrams.swift */,
				0EEB59B0276EF235001B3603 /* ContiguousArray.swift */,
			);
			path = Hashing;
			sourceTree = "<group>";
		};
/* End PBXGroup section */

/* Begin PBXNativeTarget section */
		0EEB5995276EF1C3001B3603 /* InterviewBitSolutons (iOS) */ = {
			isa = PBXNativeTarget;
			buildConfigurationList = 0EEB59A7276EF1C4001B3603 /* Build configuration list for PBXNativeTarget "InterviewBitSolutons (iOS)" */;
			buildPhases = (
				0EEB5992276EF1C3001B3603 /* Sources */,
				0EEB5993276EF1C3001B3603 /* Frameworks */,
				0EEB5994276EF1C3001B3603 /* Resources */,
			);
			buildRules = (
			);
			dependencies = (
			);
			name = "InterviewBitSolutons (iOS)";
			productName = "InterviewBitSolutons (iOS)";
			productReference = 0EEB5996276EF1C3001B3603 /* InterviewBitSolutons.app */;
			productType = "com.apple.product-type.application";
		};
		0EEB599B276EF1C3001B3603 /* InterviewBitSolutons (macOS) */ = {
			isa = PBXNativeTarget;
			buildConfigurationList = 0EEB59AA276EF1C4001B3603 /* Build configuration list for PBXNativeTarget "InterviewBitSolutons (macOS)" */;
			buildPhases = (
				0EEB5998276EF1C3001B3603 /* Sources */,
				0EEB5999276EF1C3001B3603 /* Frameworks */,
				0EEB599A276EF1C3001B3603 /* Resources */,
			);
			buildRules = (
			);
			dependencies = (
			);
			name = "InterviewBitSolutons (macOS)";
			productName = "InterviewBitSolutons (macOS)";
			productReference = 0EEB599C276EF1C3001B3603 /* InterviewBitSolutons.app */;
			productType = "com.apple.product-type.application";
		};
/* End PBXNativeTarget section */

/* Begin PBXProject section */
		0EEB598A276EF1BF001B3603 /* Project object */ = {
			isa = PBXProject;
			attributes = {
				BuildIndependentTargetsInParallel = 1;
				LastSwiftUpdateCheck = 1320;
				LastUpgradeCheck = 1320;
				TargetAttributes = {
					0EEB5995276EF1C3001B3603 = {
						CreatedOnToolsVersion = 13.2;
					};
					0EEB599B276EF1C3001B3603 = {
						CreatedOnToolsVersion = 13.2;
					};
				};
			};
			buildConfigurationList = 0EEB598D276EF1BF001B3603 /* Build configuration list for PBXProject "InterviewBitSolutons" */;
			compatibilityVersion = "Xcode 13.0";
			developmentRegion = en;
			hasScannedForEncodings = 0;
			knownRegions = (
				en,
				Base,
			);
			mainGroup = 0EEB5989276EF1BF001B3603;
			productRefGroup = 0EEB5997276EF1C3001B3603 /* Products */;
			projectDirPath = "";
			projectRoot = "";
			targets = (
				0EEB5995276EF1C3001B3603 /* InterviewBitSolutons (iOS) */,
				0EEB599B276EF1C3001B3603 /* InterviewBitSolutons (macOS) */,
			);
		};
/* End PBXProject section */

/* Begin PBXResourcesBuildPhase section */
		0EEB5994276EF1C3001B3603 /* Resources */ = {
			isa = PBXResourcesBuildPhase;
			buildActionMask = 2147483647;
			files = (
				0EEB59A3276EF1C4001B3603 /* Assets.xcassets in Resources */,
			);
			runOnlyForDeploymentPostprocessing = 0;
		};
		0EEB599A276EF1C3001B3603 /* Resources */ = {
			isa = PBXResourcesBuildPhase;
			buildActionMask = 2147483647;
			files = (
				0EEB59A4276EF1C4001B3603 /* Assets.xcassets in Resources */,
			);
			runOnlyForDeploymentPostprocessing = 0;
		};
/* End PBXResourcesBuildPhase section */

/* Begin PBXSourcesBuildPhase section */
		0EEB5992276EF1C3001B3603 /* Sources */ = {
			isa = PBXSourcesBuildPhase;
			buildActionMask = 2147483647;
			files = (
				0EEB59AF276EF1F8001B3603 /* Anagrams.swift in Sources */,
				0EEB59A1276EF1C4001B3603 /* ContentView.swift in Sources */,
				0EEB599F276EF1C4001B3603 /* InterviewBitSolutonsApp.swift in Sources */,
				0EEB59B1276EF235001B3603 /* ContiguousArray.swift in Sources */,
			);
			runOnlyForDeploymentPostprocessing = 0;
		};
		0EEB5998276EF1C3001B3603 /* Sources */ = {
			isa = PBXSourcesBuildPhase;
			buildActionMask = 2147483647;
			files = (
				0EEB59A2276EF1C4001B3603 /* ContentView.swift in Sources */,
				0EEB59A0276EF1C4001B3603 /* InterviewBitSolutonsApp.swift in Sources */,
			);
			runOnlyForDeploymentPostprocessing = 0;
		};
/* End PBXSourcesBuildPhase section */

/* Begin XCBuildConfiguration section */
		0EEB59A5276EF1C4001B3603 /* Debug */ = {
			isa = XCBuildConfiguration;
			buildSettings = {
				ALWAYS_SEARCH_USER_PATHS = NO;
				CLANG_ANALYZER_NONNULL = YES;
				CLANG_ANALYZER_NUMBER_OBJECT_CONVERSION = YES_AGGRESSIVE;
				CLANG_CXX_LANGUAGE_STANDARD = "gnu++17";
				CLANG_CXX_LIBRARY = "libc++";
				CLANG_ENABLE_MODULES = YES;
				CLANG_ENABLE_OBJC_ARC = YES;
				CLANG_ENABLE_OBJC_WEAK = YES;
				CLANG_WARN_BLOCK_CAPTURE_AUTORELEASING = YES;
				CLANG_WARN_BOOL_CONVERSION = YES;
				CLANG_WARN_COMMA = YES;
				CLANG_WARN_CONSTANT_CONVERSION = YES;
				CLANG_WARN_DEPRECATED_OBJC_IMPLEMENTATIONS = YES;
				CLANG_WARN_DIRECT_OBJC_ISA_USAGE = YES_ERROR;
				CLANG_WARN_DOCUMENTATION_COMMENTS = YES;
				CLANG_WARN_EMPTY_BODY = YES;
				CLANG_WARN_ENUM_CONVERSION = YES;
				CLANG_WARN_INFINITE_RECURSION = YES;
				CLANG_WARN_INT_CONVERSION = YES;
				CLANG_WARN_NON_LITERAL_NULL_CONVERSION = YES;
				CLANG_WARN_OBJC_IMPLICIT_RETAIN_SELF = YES;
				CLANG_WARN_OBJC_LITERAL_CONVERSION = YES;
				CLANG_WARN_OBJC_ROOT_CLASS = YES_ERROR;
				CLANG_WARN_QUOTED_INCLUDE_IN_FRAMEWORK_HEADER = YES;
				CLANG_WARN_RANGE_LOOP_ANALYSIS = YES;
				CLANG_WARN_STRICT_PROTOTYPES = YES;
				CLANG_WARN_SUSPICIOUS_MOVE = YES;
				CLANG_WARN_UNGUARDED_AVAILABILITY = YES_AGGRESSIVE;
				CLANG_WARN_UNREACHABLE_CODE = YES;
				CLANG_WARN__DUPLICATE_METHOD_MATCH = YES;
				COPY_PHASE_STRIP = NO;
				DEBUG_INFORMATION_FORMAT = dwarf;
				ENABLE_STRICT_OBJC_MSGSEND = YES;
				ENABLE_TESTABILITY = YES;
				GCC_C_LANGUAGE_STANDARD = gnu11;
				GCC_DYNAMIC_NO_PIC = NO;
				GCC_NO_COMMON_BLOCKS = YES;
				GCC_OPTIMIZATION_LEVEL = 0;
				GCC_PREPROCESSOR_DEFINITIONS = (
					"DEBUG=1",
					"$(inherited)",
				);
				GCC_WARN_64_TO_32_BIT_CONVERSION = YES;
				GCC_WARN_ABOUT_RETURN_TYPE = YES_ERROR;
				GCC_WARN_UNDECLARED_SELECTOR = YES;
				GCC_WARN_UNINITIALIZED_AUTOS = YES_AGGRESSIVE;
				GCC_WARN_UNUSED_FUNCTION = YES;
				GCC_WARN_UNUSED_VARIABLE = YES;
				MTL_ENABLE_DEBUG_INFO = INCLUDE_SOURCE;
				MTL_FAST_MATH = YES;
				ONLY_ACTIVE_ARCH = YES;
				SWIFT_ACTIVE_COMPILATION_CONDITIONS = DEBUG;
				SWIFT_OPTIMIZATION_LEVEL = "-Onone";
			};
			name = Debug;
		};
		0EEB59A6276EF1C4001B3603 /* Release */ = {
			isa = XCBuildConfiguration;
			buildSettings = {
				ALWAYS_SEARCH_USER_PATHS = NO;
				CLANG_ANALYZER_NONNULL = YES;
				CLANG_ANALYZER_NUMBER_OBJECT_CONVERSION = YES_AGGRESSIVE;
				CLANG_CXX_LANGUAGE_STANDARD = "gnu++17";
				CLANG_CXX_LIBRARY = "libc++";
				CLANG_ENABLE_MODULES = YES;
				CLANG_ENABLE_OBJC_ARC = YES;
				CLANG_ENABLE_OBJC_WEAK = YES;
				CLANG_WARN_BLOCK_CAPTURE_AUTORELEASING = YES;
				CLANG_WARN_BOOL_CONVERSION = YES;
				CLANG_WARN_COMMA = YES;
				CLANG_WARN_CONSTANT_CONVERSION = YES;
				CLANG_WARN_DEPRECATED_OBJC_IMPLEMENTATIONS = YES;
				CLANG_WARN_DIRECT_OBJC_ISA_USAGE = YES_ERROR;
				CLANG_WARN_DOCUMENTATION_COMMENTS = YES;
				CLANG_WARN_EMPTY_BODY = YES;
				CLANG_WARN_ENUM_CONVERSION = YES;
				CLANG_WARN_INFINITE_RECURSION = YES;
				CLANG_WARN_INT_CONVERSION = YES;
				CLANG_WARN_NON_LITERAL_NULL_CONVERSION = YES;
				CLANG_WARN_OBJC_IMPLICIT_RETAIN_SELF = YES;
				CLANG_WARN_OBJC_LITERAL_CONVERSION = YES;
				CLANG_WARN_OBJC_ROOT_CLASS = YES_ERROR;
				CLANG_WARN_QUOTED_INCLUDE_IN_FRAMEWORK_HEADER = YES;
				CLANG_WARN_RANGE_LOOP_ANALYSIS = YES;
				CLANG_WARN_STRICT_PROTOTYPES = YES;
				CLANG_WARN_SUSPICIOUS_MOVE = YES;
				CLANG_WARN_UNGUARDED_AVAILABILITY = YES_AGGRESSIVE;
				CLANG_WARN_UNREACHABLE_CODE = YES;
				CLANG_WARN__DUPLICATE_METHOD_MATCH = YES;
				COPY_PHASE_STRIP = NO;
				DEBUG_INFORMATION_FORMAT = "dwarf-with-dsym";
				ENABLE_NS_ASSERTIONS = NO;
				ENABLE_STRICT_OBJC_MSGSEND = YES;
				GCC_C_LANGUAGE_STANDARD = gnu11;
				GCC_NO_COMMON_BLOCKS = YES;
				GCC_WARN_64_TO_32_BIT_CONVERSION = YES;
				GCC_WARN_ABOUT_RETURN_TYPE = YES_ERROR;
				GCC_WARN_UNDECLARED_SELECTOR = YES;
				GCC_WARN_UNINITIALIZED_AUTOS = YES_AGGRESSIVE;
				GCC_WARN_UNUSED_FUNCTION = YES;
				GCC_WARN_UNUSED_VARIABLE = YES;
				MTL_ENABLE_DEBUG_INFO = NO;
				MTL_FAST_MATH = YES;
				SWIFT_COMPILATION_MODE = wholemodule;
				SWIFT_OPTIMIZATION_LEVEL = "-O";
			};
			name = Release;
		};
		0EEB59A8276EF1C4001B3603 /* Debug */ = {
			isa = XCBuildConfiguration;
			buildSettings = {
				ASSETCATALOG_COMPILER_APPICON_NAME = AppIcon;
				ASSETCATALOG_COMPILER_GLOBAL_ACCENT_COLOR_NAME = AccentColor;
				CODE_SIGN_STYLE = Automatic;
				CURRENT_PROJECT_VERSION = 1;
				DEVELOPMENT_TEAM = 7H22R6HCRH;
				ENABLE_PREVIEWS = YES;
				GENERATE_INFOPLIST_FILE = YES;
				INFOPLIST_KEY_UIApplicationSceneManifest_Generation = YES;
				INFOPLIST_KEY_UIApplicationSupportsIndirectInputEvents = YES;
				INFOPLIST_KEY_UILaunchScreen_Generation = YES;
				INFOPLIST_KEY_UISupportedInterfaceOrientations_iPad = "UIInterfaceOrientationPortrait UIInterfaceOrientationPortraitUpsideDown UIInterfaceOrientationLandscapeLeft UIInterfaceOrientationLandscapeRight";
				INFOPLIST_KEY_UISupportedInterfaceOrientations_iPhone = "UIInterfaceOrientationPortrait UIInterfaceOrientationLandscapeLeft UIInterfaceOrientationLandscapeRight";
				IPHONEOS_DEPLOYMENT_TARGET = 15.2;
				LD_RUNPATH_SEARCH_PATHS = (
					"$(inherited)",
					"@executable_path/Frameworks",
				);
				MARKETING_VERSION = 1.0;
				PRODUCT_BUNDLE_IDENTIFIER = com.shivam.InterviewBitSolutons;
				PRODUCT_NAME = InterviewBitSolutons;
				SDKROOT = iphoneos;
				SWIFT_EMIT_LOC_STRINGS = YES;
				SWIFT_VERSION = 5.0;
				TARGETED_DEVICE_FAMILY = "1,2";
			};
			name = Debug;
		};
		0EEB59A9276EF1C4001B3603 /* Release */ = {
			isa = XCBuildConfiguration;
			buildSettings = {
				ASSETCATALOG_COMPILER_APPICON_NAME = AppIcon;
				ASSETCATALOG_COMPILER_GLOBAL_ACCENT_COLOR_NAME = AccentColor;
				CODE_SIGN_STYLE = Automatic;
				CURRENT_PROJECT_VERSION = 1;
				DEVELOPMENT_TEAM = 7H22R6HCRH;
				ENABLE_PREVIEWS = YES;
				GENERATE_INFOPLIST_FILE = YES;
				INFOPLIST_KEY_UIApplicationSceneManifest_Generation = YES;
				INFOPLIST_KEY_UIApplicationSupportsIndirectInputEvents = YES;
				INFOPLIST_KEY_UILaunchScreen_Generation = YES;
				INFOPLIST_KEY_UISupportedInterfaceOrientations_iPad = "UIInterfaceOrientationPortrait UIInterfaceOrientationPortraitUpsideDown UIInterfaceOrientationLandscapeLeft UIInterfaceOrientationLandscapeRight";
				INFOPLIST_KEY_UISupportedInterfaceOrientations_iPhone = "UIInterfaceOrientationPortrait UIInterfaceOrientationLandscapeLeft UIInterfaceOrientationLandscapeRight";
				IPHONEOS_DEPLOYMENT_TARGET = 15.2;
				LD_RUNPATH_SEARCH_PATHS = (
					"$(inherited)",
					"@executable_path/Frameworks",
				);
				MARKETING_VERSION = 1.0;
				PRODUCT_BUNDLE_IDENTIFIER = com.shivam.InterviewBitSolutons;
				PRODUCT_NAME = InterviewBitSolutons;
				SDKROOT = iphoneos;
				SWIFT_EMIT_LOC_STRINGS = YES;
				SWIFT_VERSION = 5.0;
				TARGETED_DEVICE_FAMILY = "1,2";
				VALIDATE_PRODUCT = YES;
			};
			name = Release;
		};
		0EEB59AB276EF1C4001B3603 /* Debug */ = {
			isa = XCBuildConfiguration;
			buildSettings = {
				ASSETCATALOG_COMPILER_APPICON_NAME = AppIcon;
				ASSETCATALOG_COMPILER_GLOBAL_ACCENT_COLOR_NAME = AccentColor;
				CODE_SIGN_ENTITLEMENTS = macOS/macOS.entitlements;
				CODE_SIGN_STYLE = Automatic;
				COMBINE_HIDPI_IMAGES = YES;
				CURRENT_PROJECT_VERSION = 1;
				DEVELOPMENT_TEAM = 7H22R6HCRH;
				ENABLE_HARDENED_RUNTIME = YES;
				ENABLE_PREVIEWS = YES;
				GENERATE_INFOPLIST_FILE = YES;
				INFOPLIST_KEY_NSHumanReadableCopyright = "";
				LD_RUNPATH_SEARCH_PATHS = (
					"$(inherited)",
					"@executable_path/../Frameworks",
				);
				MACOSX_DEPLOYMENT_TARGET = 11.6;
				MARKETING_VERSION = 1.0;
				PRODUCT_BUNDLE_IDENTIFIER = com.shivam.InterviewBitSolutons;
				PRODUCT_NAME = InterviewBitSolutons;
				SDKROOT = macosx;
				SWIFT_EMIT_LOC_STRINGS = YES;
				SWIFT_VERSION = 5.0;
			};
			name = Debug;
		};
		0EEB59AC276EF1C4001B3603 /* Release */ = {
			isa = XCBuildConfiguration;
			buildSettings = {
				ASSETCATALOG_COMPILER_APPICON_NAME = AppIcon;
				ASSETCATALOG_COMPILER_GLOBAL_ACCENT_COLOR_NAME = AccentColor;
				CODE_SIGN_ENTITLEMENTS = macOS/macOS.entitlements;
				CODE_SIGN_STYLE = Automatic;
				COMBINE_HIDPI_IMAGES = YES;
				CURRENT_PROJECT_VERSION = 1;
				DEVELOPMENT_TEAM = 7H22R6HCRH;
				ENABLE_HARDENED_RUNTIME = YES;
				ENABLE_PREVIEWS = YES;
				GENERATE_INFOPLIST_FILE = YES;
				INFOPLIST_KEY_NSHumanReadableCopyright = "";
				LD_RUNPATH_SEARCH_PATHS = (
					"$(inherited)",
					"@executable_path/../Frameworks",
				);
				MACOSX_DEPLOYMENT_TARGET = 11.6;
				MARKETING_VERSION = 1.0;
				PRODUCT_BUNDLE_IDENTIFIER = com.shivam.InterviewBitSolutons;
				PRODUCT_NAME = InterviewBitSolutons;
				SDKROOT = macosx;
				SWIFT_EMIT_LOC_STRINGS = YES;
				SWIFT_VERSION = 5.0;
			};
			name = Release;
		};
/* End XCBuildConfiguration section */

/* Begin XCConfigurationList section */
		0EEB598D276EF1BF001B3603 /* Build configuration list for PBXProject "InterviewBitSolutons" */ = {
			isa = XCConfigurationList;
			buildConfigurations = (
				0EEB59A5276EF1C4001B3603 /* Debug */,
				0EEB59A6276EF1C4001B3603 /* Release */,
			);
			defaultConfigurationIsVisible = 0;
			defaultConfigurationName = Release;
		};
		0EEB59A7276EF1C4001B3603 /* Build configuration list for PBXNativeTarget "InterviewBitSolutons (iOS)" */ = {
			isa = XCConfigurationList;
			buildConfigurations = (
				0EEB59A8276EF1C4001B3603 /* Debug */,
				0EEB59A9276EF1C4001B3603 /* Release */,
			);
			defaultConfigurationIsVisible = 0;
			defaultConfigurationName = Release;
		};
		0EEB59AA276EF1C4001B3603 /* Build configuration list for PBXNativeTarget "InterviewBitSolutons (macOS)" */ = {
			isa = XCConfigurationList;
			buildConfigurations = (
				0EEB59AB276EF1C4001B3603 /* Debug */,
				0EEB59AC276EF1C4001B3603 /* Release */,
			);
			defaultConfigurationIsVisible = 0;
			defaultConfigurationName = Release;
		};
/* End XCConfigurationList section */
	};
	rootObject = 0EEB598A276EF1BF001B3603 /* Project object */;
}
